
Microsoft Visual Studio Solution File, Format Version 12.00
# Visual Studio 2015
Project("{FAE04EC0-301F-11D3-BF4B-00C04F79EFBC}") = "Billiard.CSharp", "Billiard.CSharp.csproj", "{F9453A16-6782-E5EC-E875-4EDD88FA5AAD}"
EndProject
Global
	GlobalSection(SolutionConfigurationPlatforms) = preSolution
		Debug|Any CPU = Debug|Any CPU
		Release|Any CPU = Release|Any CPU
	EndGlobalSection
	GlobalSection(ProjectConfigurationPlatforms) = postSolution
		{F9453A16-6782-E5EC-E875-4EDD88FA5AAD}.Debug|Any CPU.ActiveCfg = Debug|Any CPU
		{F9453A16-6782-E5EC-E875-4EDD88FA5AAD}.Debug|Any CPU.Build.0 = Debug|Any CPU
		{F9453A16-6782-E5EC-E875-4EDD88FA5AAD}.Release|Any CPU.ActiveCfg = Release|Any CPU
		{F9453A16-6782-E5EC-E875-4EDD88FA5AAD}.Release|Any CPU.Build.0 = Release|Any CPU
	EndGlobalSection
	GlobalSection(SolutionProperties) = preSolution
		HideSolutionNode = FALSE
	EndGlobalSection
EndGlobal
